
Microsoft Visual Studio Solution File, Format Version 12.00
# Visual Studio Version 17
VisualStudioVersion = 17.9.34902.65
MinimumVisualStudioVersion = 10.0.40219.1
Project("{2150E333-8FDC-42A3-9474-1A3956D46DE8}") = "Contracts", "Contracts", "{CD22784A-21B8-4A29-9F3C-98247F32AA0B}"
EndProject
Project("{2150E333-8FDC-42A3-9474-1A3956D46DE8}") = "Application", "Application", "{EF5C7E7F-20C1-4AFD-B132-445EBC223AA2}"
EndProject
Project("{2150E333-8FDC-42A3-9474-1A3956D46DE8}") = "Hosts", "Hosts", "{FAC92590-3636-4084-98EA-86A0A77D8C12}"
EndProject
Project("{9A19103F-16F7-4668-BE54-9A1E7A4F7556}") = "BackgroundTasksSerice.Worker", "Hosts\BackgroundTasksSerice.Worker.csproj", "{F49D89D4-2CB5-4D82-83C9-E5278E0C8B1A}"
EndProject
Project("{9A19103F-16F7-4668-BE54-9A1E7A4F7556}") = "BackgroundTasksService.Contracts", "Contracts\BackgroundTasksService.Contracts.csproj", "{AED50AEE-216E-433E-9DBC-A973279901F2}"
EndProject
Project("{9A19103F-16F7-4668-BE54-9A1E7A4F7556}") = "BackgroundTasksService.AppServices", "Application\BackgroundTasksService.AppServices.csproj", "{AF08344D-F105-4EEC-AA12-A2E38FD44BE3}"
EndProject
Global
	GlobalSection(SolutionConfigurationPlatforms) = preSolution
		Debug|Any CPU = Debug|Any CPU
		Release|Any CPU = Release|Any CPU
	EndGlobalSection
	GlobalSection(ProjectConfigurationPlatforms) = postSolution
		{F49D89D4-2CB5-4D82-83C9-E5278E0C8B1A}.Debug|Any CPU.ActiveCfg = Debug|Any CPU
		{F49D89D4-2CB5-4D82-83C9-E5278E0C8B1A}.Debug|Any CPU.Build.0 = Debug|Any CPU
		{F49D89D4-2CB5-4D82-83C9-E5278E0C8B1A}.Release|Any CPU.ActiveCfg = Release|Any CPU
		{F49D89D4-2CB5-4D82-83C9-E5278E0C8B1A}.Release|Any CPU.Build.0 = Release|Any CPU
		{AED50AEE-216E-433E-9DBC-A973279901F2}.Debug|Any CPU.ActiveCfg = Debug|Any CPU
		{AED50AEE-216E-433E-9DBC-A973279901F2}.Debug|Any CPU.Build.0 = Debug|Any CPU
		{AED50AEE-216E-433E-9DBC-A973279901F2}.Release|Any CPU.ActiveCfg = Release|Any CPU
		{AED50AEE-216E-433E-9DBC-A973279901F2}.Release|Any CPU.Build.0 = Release|Any CPU
		{AF08344D-F105-4EEC-AA12-A2E38FD44BE3}.Debug|Any CPU.ActiveCfg = Debug|Any CPU
		{AF08344D-F105-4EEC-AA12-A2E38FD44BE3}.Debug|Any CPU.Build.0 = Debug|Any CPU
		{AF08344D-F105-4EEC-AA12-A2E38FD44BE3}.Release|Any CPU.ActiveCfg = Release|Any CPU
		{AF08344D-F105-4EEC-AA12-A2E38FD44BE3}.Release|Any CPU.Build.0 = Release|Any CPU
	EndGlobalSection
	GlobalSection(SolutionProperties) = preSolution
		HideSolutionNode = FALSE
	EndGlobalSection
	GlobalSection(NestedProjects) = preSolution
		{F49D89D4-2CB5-4D82-83C9-E5278E0C8B1A} = {FAC92590-3636-4084-98EA-86A0A77D8C12}
		{AED50AEE-216E-433E-9DBC-A973279901F2} = {CD22784A-21B8-4A29-9F3C-98247F32AA0B}
		{AF08344D-F105-4EEC-AA12-A2E38FD44BE3} = {EF5C7E7F-20C1-4AFD-B132-445EBC223AA2}
	EndGlobalSection
	GlobalSection(ExtensibilityGlobals) = postSolution
		SolutionGuid = {83AC65C5-9438-435A-92EA-7D1DCF672FC8}
	EndGlobalSection
EndGlobal
